
Microsoft Visual Studio Solution File, Format Version 12.00
# Visual Studio Version 17
VisualStudioVersion = 17.7.34024.191
MinimumVisualStudioVersion = 10.0.40219.1
Project("{FAE04EC0-301F-11D3-BF4B-00C04F79EFBC}") = "Dsl", "Dsl\Dsl.csproj", "{BE530D45-1F83-435E-9107-5C4E929BC427}"
EndProject
Project("{FAE04EC0-301F-11D3-BF4B-00C04F79EFBC}") = "DslPackage", "DslPackage\DslPackage.csproj", "{05148980-751E-4BA6-A5BA-9A789D49CFB2}"
EndProject
Global
	GlobalSection(SolutionConfigurationPlatforms) = preSolution
		Debug|Any CPU = Debug|Any CPU
		Debug|arm64 = Debug|arm64
		Debug|x86 = Debug|x86
		Release|Any CPU = Release|Any CPU
		Release|arm64 = Release|arm64
		Release|x86 = Release|x86
	EndGlobalSection
	GlobalSection(ProjectConfigurationPlatforms) = postSolution
		{BE530D45-1F83-435E-9107-5C4E929BC427}.Debug|Any CPU.ActiveCfg = Debug|Any CPU
		{BE530D45-1F83-435E-9107-5C4E929BC427}.Debug|Any CPU.Build.0 = Debug|Any CPU
		{BE530D45-1F83-435E-9107-5C4E929BC427}.Debug|arm64.ActiveCfg = Debug|Any CPU
		{BE530D45-1F83-435E-9107-5C4E929BC427}.Debug|arm64.Build.0 = Debug|Any CPU
		{BE530D45-1F83-435E-9107-5C4E929BC427}.Debug|x86.ActiveCfg = Debug|Any CPU
		{BE530D45-1F83-435E-9107-5C4E929BC427}.Debug|x86.Build.0 = Debug|Any CPU
		{BE530D45-1F83-435E-9107-5C4E929BC427}.Release|Any CPU.ActiveCfg = Release|Any CPU
		{BE530D45-1F83-435E-9107-5C4E929BC427}.Release|Any CPU.Build.0 = Release|Any CPU
		{BE530D45-1F83-435E-9107-5C4E929BC427}.Release|arm64.ActiveCfg = Release|Any CPU
		{BE530D45-1F83-435E-9107-5C4E929BC427}.Release|arm64.Build.0 = Release|Any CPU
		{BE530D45-1F83-435E-9107-5C4E929BC427}.Release|x86.ActiveCfg = Release|Any CPU
		{BE530D45-1F83-435E-9107-5C4E929BC427}.Release|x86.Build.0 = Release|Any CPU
		{05148980-751E-4BA6-A5BA-9A789D49CFB2}.Debug|Any CPU.ActiveCfg = Debug|Any CPU
		{05148980-751E-4BA6-A5BA-9A789D49CFB2}.Debug|Any CPU.Build.0 = Debug|Any CPU
		{05148980-751E-4BA6-A5BA-9A789D49CFB2}.Debug|arm64.ActiveCfg = Debug|arm64
		{05148980-751E-4BA6-A5BA-9A789D49CFB2}.Debug|arm64.Build.0 = Debug|arm64
		{05148980-751E-4BA6-A5BA-9A789D49CFB2}.Debug|x86.ActiveCfg = Debug|x86
		{05148980-751E-4BA6-A5BA-9A789D49CFB2}.Debug|x86.Build.0 = Debug|x86
		{05148980-751E-4BA6-A5BA-9A789D49CFB2}.Release|Any CPU.ActiveCfg = Release|Any CPU
		{05148980-751E-4BA6-A5BA-9A789D49CFB2}.Release|Any CPU.Build.0 = Release|Any CPU
		{05148980-751E-4BA6-A5BA-9A789D49CFB2}.Release|arm64.ActiveCfg = Release|arm64
		{05148980-751E-4BA6-A5BA-9A789D49CFB2}.Release|arm64.Build.0 = Release|arm64
		{05148980-751E-4BA6-A5BA-9A789D49CFB2}.Release|x86.ActiveCfg = Release|x86
		{05148980-751E-4BA6-A5BA-9A789D49CFB2}.Release|x86.Build.0 = Release|x86
	EndGlobalSection
	GlobalSection(SolutionProperties) = preSolution
		HideSolutionNode = FALSE
	EndGlobalSection
	GlobalSection(ExtensibilityGlobals) = postSolution
		SolutionGuid = {F2C8F4CA-850C-447B-BF8B-9D8D3FC1E9AE}
	EndGlobalSection
EndGlobal
